{
    "name": "pluralkit-rpc",
    "requires": true,
    "lockfileVersion": 1,
    "dependencies": {
        "async-limiter": {
            "version": "1.0.1",
            "resolved": "https://registry.npmjs.org/async-limiter/-/async-limiter-1.0.1.tgz",
            "integrity": "sha512-csOlWGAcRFJaI6m+F2WKdnMKr4HhdhFVBk0H/QbJFMCr+uO2kwohwXQPxw/9OCxp05r5ghVBFSyioixx3gfkNQ=="
        },
        "bent": {
            "version": "7.1.1",
            "resolved": "https://registry.npmjs.org/bent/-/bent-7.1.1.tgz",
            "integrity": "sha512-DJD5nWmwFwzeKPzIL6J+EuWCr7AxLKN+WcmKeMFYms41xscxDK7FYVCW6FDtg9ov2E4IKmnbnZn2wP+rzMhXAA==",
            "requires": {
                "bytesish": "^0.4.1",
                "caseless": "~0.12.0",
                "is-stream": "^2.0.0"
            }
        },
        "bytesish": {
            "version": "0.4.1",
            "resolved": "https://registry.npmjs.org/bytesish/-/bytesish-0.4.1.tgz",
            "integrity": "sha512-j3l5QmnAbpOfcN/Z2Jcv4poQYfefs8rDdcbc6iEKm+OolvUXAE2APodpWj+DOzqX6Bl5Ys1cQkcIV2/doGvQxg=="
        },
        "caseless": {
            "version": "0.12.0",
            "resolved": "https://registry.npmjs.org/caseless/-/caseless-0.12.0.tgz",
            "integrity": "sha1-G2gcIf+EAzyCZUMJBolCDRhxUdw="
        },
        "discord-rpc": {
            "version": "3.1.0",
            "resolved": "https://registry.npmjs.org/discord-rpc/-/discord-rpc-3.1.0.tgz",
            "integrity": "sha512-/j0yLDBsuGX/QmxDIbbmKl5hqOQMy57O+KUJJdti6fcpVygn7gCJNPuNNHO6ZebPqGU8qFcCs09crIRljShTWQ==",
            "requires": {
                "node-fetch": "2.6.0",
                "ws": "7.1.2"
            }
        },
        "is-stream": {
            "version": "2.0.0",
            "resolved": "https://registry.npmjs.org/is-stream/-/is-stream-2.0.0.tgz",
            "integrity": "sha512-XCoy+WlUr7d1+Z8GgSuXmpuUFC9fOhRXglJMx+dwLKTkL44Cjd4W1Z5P+BQZpr+cR93aGP4S/s7Ftw6Nd/kiEw=="
        },
        "node-fetch": {
            "version": "2.6.0",
            "resolved": "https://registry.npmjs.org/node-fetch/-/node-fetch-2.6.0.tgz",
            "integrity": "sha512-8dG4H5ujfvFiqDmVu9fQ5bOHUC15JMjMY/Zumv26oOvvVJjM67KF8koCWIabKQ1GJIa9r2mMZscBq/TbdOcmNA=="
        },
        "ws": {
            "version": "7.1.2",
            "resolved": "https://registry.npmjs.org/ws/-/ws-7.1.2.tgz",
            "integrity": "sha512-gftXq3XI81cJCgkUiAVixA0raD9IVmXqsylCrjRygw4+UOOGzPoxnQ6r/CnVL9i+mDncJo94tSkyrtuuQVBmrg==",
            "requires": {
                "async-limiter": "^1.0.0"
            }
        }
    }
}
